<?xml version="1.0" encoding="utf-8"?>
<Project ToolsVersion="4.0" xmlns="http://schemas.microsoft.com/developer/msbuild/2003">
  <ItemGroup>
    <Filter Include="Source Files">
      <UniqueIdentifier>{4FC737F1-C7A5-4376-A066-2A32D752A2FF}</UniqueIdentifier>
      <Extensions>cpp;c;cc;cxx;def;odl;idl;hpj;bat;asm;asmx</Extensions>
    </Filter>
    <Filter Include="Header Files">
      <UniqueIdentifier>{93995380-89BD-4b04-88EB-625FBE52EBFB}</UniqueIdentifier>
      <Extensions>h;hh;hpp;hxx;hm;inl;inc;ipp;xsd</Extensions>
    </Filter>
    <Filter Include="Resource Files">
      <UniqueIdentifier>{67DA6AB6-F800-4c08-8B7A-83BB121AAD01}</UniqueIdentifier>
      <Extensions>rc;ico;cur;bmp;dlg;rc2;rct;bin;rgs;gif;jpg;jpeg;jpe;resx;tiff;tif;png;wav;mfcribbon-ms</Extensions>
    </Filter>
  </ItemGroup>
  <ItemGroup>
    <ClCompile Include="src\dzb\graphics\shader.cpp">
      <Filter>Source Files</Filter>
    </ClCompile>
    <ClCompile Include="src\dzb\main.cpp">
      <Filter>Source Files</Filter>
    </ClCompile>
    <ClCompile Include="src\dzb\gameobject\transform.cpp">
      <Filter>Source Files</Filter>
    </ClCompile>
    <ClCompile Include="src\dzb\graphics\indexbuffer.cpp">
      <Filter>Source Files</Filter>
    </ClCompile>
    <ClCompile Include="src\dzb\graphics\blockrenderer.cpp">
      <Filter>Source Files</Filter>
    </ClCompile>
    <ClCompile Include="src\dzb\graphics\texture.cpp">
      <Filter>Source Files</Filter>
    </ClCompile>
    <ClCompile Include="src\dzb\world\chunk.cpp">
      <Filter>Source Files</Filter>
    </ClCompile>
    <ClCompile Include="src\dzb\world\world.cpp">
      <Filter>Source Files</Filter>
    </ClCompile>
    <ClCompile Include="src\dzb\graphics\camera.cpp">
      <Filter>Source Files</Filter>
    </ClCompile>
    <ClCompile Include="src\dzb\world\player.cpp">
      <Filter>Source Files</Filter>
    </ClCompile>
    <ClCompile Include="src\dzb\graphics\canvas.cpp">
      <Filter>Source Files</Filter>
    </ClCompile>
  </ItemGroup>
  <ItemGroup>
    <ClInclude Include="src\dzb\graphics\shader.h">
      <Filter>Header Files</Filter>
    </ClInclude>
    <ClInclude Include="src\dzb\app\input.h">
      <Filter>Header Files</Filter>
    </ClInclude>
    <ClInclude Include="src\dzb\app\screen.h">
      <Filter>Header Files</Filter>
    </ClInclude>
    <ClInclude Include="src\dzb\graphics\renderer.h">
      <Filter>Header Files</Filter>
    </ClInclude>
    <ClInclude Include="src\dzb\gameobject\transform.h">
      <Filter>Header Files</Filter>
    </ClInclude>
    <ClInclude Include="src\dzb\graphics\blockrenderer.h">
      <Filter>Header Files</Filter>
    </ClInclude>
    <ClInclude Include="src\dzb\utils\fileutils.h">
      <Filter>Header Files</Filter>
    </ClInclude>
    <ClInclude Include="src\dzb\utils\imageloader.h">
      <Filter>Header Files</Filter>
    </ClInclude>
    <ClInclude Include="src\dzb\graphics\indexbuffer.h">
      <Filter>Header Files</Filter>
    </ClInclude>
    <ClInclude Include="src\dzb\utils\timer.h">
      <Filter>Header Files</Filter>
    </ClInclude>
    <ClInclude Include="src\dzb\graphics\texture.h">
      <Filter>Header Files</Filter>
    </ClInclude>
    <ClInclude Include="src\dzb\graphics\frustumculling.h">
      <Filter>Header Files</Filter>
    </ClInclude>
    <ClInclude Include="src\dzb\world\chunk.h">
      <Filter>Header Files</Filter>
    </ClInclude>
    <ClInclude Include="src\dzb\world\world.h">
      <Filter>Header Files</Filter>
    </ClInclude>
    <ClInclude Include="src\dzb\graphics\camera.h">
      <Filter>Header Files</Filter>
    </ClInclude>
    <ClInclude Include="src\dzb\includes.h">
      <Filter>Header Files</Filter>
    </ClInclude>
    <ClInclude Include="src\dzb\defines.h">
      <Filter>Header Files</Filter>
    </ClInclude>
    <ClInclude Include="src\dzb\world\player.h">
      <Filter>Header Files</Filter>
    </ClInclude>
    <ClInclude Include="src\dzb\graphics\draw.h">
      <Filter>Header Files</Filter>
    </ClInclude>
    <ClInclude Include="src\dzb\shaders\sprite.vert">
      <Filter>Header Files</Filter>
    </ClInclude>
    <ClInclude Include="src\dzb\graphics\canvas.h">
      <Filter>Header Files</Filter>
    </ClInclude>
    <ClInclude Include="src\dzb\utils\PerlinNoise.h">
      <Filter>Header Files</Filter>
    </ClInclude>
    <ClInclude Include="src\dzb\utils\gltext.h">
      <Filter>Header Files</Filter>
    </ClInclude>
  </ItemGroup>
  <ItemGroup>
    <None Include="src\dzb\shaders\block.vert" />
    <None Include="src\dzb\shaders\block.frag" />
    <None Include="src\dzb\shaders\block2.frag" />
    <None Include="src\dzb\shaders\block2.vert" />
    <None Include="src\dzb\shaders\color.vert" />
    <None Include="src\dzb\shaders\color.frag" />
    <None Include="src\dzb\shaders\sprite.frag" />
  </ItemGroup>
  <ItemGroup>
    <Image Include="src\dzb\textures\cobble.png">
      <Filter>Resource Files</Filter>
    </Image>
  </ItemGroup>
</Project>